
Microsoft Visual Studio Solution File, Format Version 12.00
# Visual Studio Version 16
VisualStudioVersion = 16.0.29709.97
MinimumVisualStudioVersion = 10.0.40219.1
Project("{9A19103F-16F7-4668-BE54-9A1E7A4F7556}") = "IdentityServerCenter", "IdentityServerCenter\IdentityServerCenter.csproj", "{2F282177-3430-4DD4-B39F-4393CCC3B6D4}"
EndProject
Project("{9A19103F-16F7-4668-BE54-9A1E7A4F7556}") = "ClientCredentialApi", "ClientCredentialApi\ClientCredentialApi.csproj", "{53B98A7D-760C-4DD7-A1B5-8C7E7B293DBA}"
EndProject
Project("{9A19103F-16F7-4668-BE54-9A1E7A4F7556}") = "ThirdPartDemo", "ThirdPartDemo\ThirdPartDemo.csproj", "{F6866ACF-5619-4AB6-BA87-39135D39853D}"
EndProject
Project("{9A19103F-16F7-4668-BE54-9A1E7A4F7556}") = "PwdClient", "PwdClient\PwdClient.csproj", "{E488A74C-F2CA-4B8C-9BB4-8736053C43BF}"
EndProject
Project("{9A19103F-16F7-4668-BE54-9A1E7A4F7556}") = "IdentityServerSample", "IdentityServerSample\IdentityServerSample.csproj", "{C79F14F5-D964-4F67-8AB5-CFB8F736C4A2}"
EndProject
Project("{9A19103F-16F7-4668-BE54-9A1E7A4F7556}") = "IdentityServerSample2", "IdentityServerSample2\IdentityServerSample2.csproj", "{90BE12A2-BC49-423A-808B-35CB135D6CC4}"
EndProject
Project("{FAE04EC0-301F-11D3-BF4B-00C04F79EFBC}") = "IdentityServerSample3", "IdentityServerSample3\IdentityServerSample3.csproj", "{D92B2F35-729C-4BAB-9117-44689973C759}"
EndProject
Project("{FAE04EC0-301F-11D3-BF4B-00C04F79EFBC}") = "IdentityServerSampleClient", "IdentityServerSampleClient\IdentityServerSampleClient.csproj", "{79DF0D11-825A-4392-945F-3FA87BCFFAFE}"
EndProject
Global
	GlobalSection(SolutionConfigurationPlatforms) = preSolution
		Debug|Any CPU = Debug|Any CPU
		Release|Any CPU = Release|Any CPU
	EndGlobalSection
	GlobalSection(ProjectConfigurationPlatforms) = postSolution
		{2F282177-3430-4DD4-B39F-4393CCC3B6D4}.Debug|Any CPU.ActiveCfg = Debug|Any CPU
		{2F282177-3430-4DD4-B39F-4393CCC3B6D4}.Debug|Any CPU.Build.0 = Debug|Any CPU
		{2F282177-3430-4DD4-B39F-4393CCC3B6D4}.Release|Any CPU.ActiveCfg = Release|Any CPU
		{2F282177-3430-4DD4-B39F-4393CCC3B6D4}.Release|Any CPU.Build.0 = Release|Any CPU
		{53B98A7D-760C-4DD7-A1B5-8C7E7B293DBA}.Debug|Any CPU.ActiveCfg = Debug|Any CPU
		{53B98A7D-760C-4DD7-A1B5-8C7E7B293DBA}.Debug|Any CPU.Build.0 = Debug|Any CPU
		{53B98A7D-760C-4DD7-A1B5-8C7E7B293DBA}.Release|Any CPU.ActiveCfg = Release|Any CPU
		{53B98A7D-760C-4DD7-A1B5-8C7E7B293DBA}.Release|Any CPU.Build.0 = Release|Any CPU
		{F6866ACF-5619-4AB6-BA87-39135D39853D}.Debug|Any CPU.ActiveCfg = Debug|Any CPU
		{F6866ACF-5619-4AB6-BA87-39135D39853D}.Debug|Any CPU.Build.0 = Debug|Any CPU
		{F6866ACF-5619-4AB6-BA87-39135D39853D}.Release|Any CPU.ActiveCfg = Release|Any CPU
		{F6866ACF-5619-4AB6-BA87-39135D39853D}.Release|Any CPU.Build.0 = Release|Any CPU
		{E488A74C-F2CA-4B8C-9BB4-8736053C43BF}.Debug|Any CPU.ActiveCfg = Debug|Any CPU
		{E488A74C-F2CA-4B8C-9BB4-8736053C43BF}.Debug|Any CPU.Build.0 = Debug|Any CPU
		{E488A74C-F2CA-4B8C-9BB4-8736053C43BF}.Release|Any CPU.ActiveCfg = Release|Any CPU
		{E488A74C-F2CA-4B8C-9BB4-8736053C43BF}.Release|Any CPU.Build.0 = Release|Any CPU
		{C79F14F5-D964-4F67-8AB5-CFB8F736C4A2}.Debug|Any CPU.ActiveCfg = Debug|Any CPU
		{C79F14F5-D964-4F67-8AB5-CFB8F736C4A2}.Debug|Any CPU.Build.0 = Debug|Any CPU
		{C79F14F5-D964-4F67-8AB5-CFB8F736C4A2}.Release|Any CPU.ActiveCfg = Release|Any CPU
		{C79F14F5-D964-4F67-8AB5-CFB8F736C4A2}.Release|Any CPU.Build.0 = Release|Any CPU
		{90BE12A2-BC49-423A-808B-35CB135D6CC4}.Debug|Any CPU.ActiveCfg = Debug|Any CPU
		{90BE12A2-BC49-423A-808B-35CB135D6CC4}.Debug|Any CPU.Build.0 = Debug|Any CPU
		{90BE12A2-BC49-423A-808B-35CB135D6CC4}.Release|Any CPU.ActiveCfg = Release|Any CPU
		{90BE12A2-BC49-423A-808B-35CB135D6CC4}.Release|Any CPU.Build.0 = Release|Any CPU
		{D92B2F35-729C-4BAB-9117-44689973C759}.Debug|Any CPU.ActiveCfg = Debug|Any CPU
		{D92B2F35-729C-4BAB-9117-44689973C759}.Debug|Any CPU.Build.0 = Debug|Any CPU
		{D92B2F35-729C-4BAB-9117-44689973C759}.Release|Any CPU.ActiveCfg = Release|Any CPU
		{D92B2F35-729C-4BAB-9117-44689973C759}.Release|Any CPU.Build.0 = Release|Any CPU
		{79DF0D11-825A-4392-945F-3FA87BCFFAFE}.Debug|Any CPU.ActiveCfg = Debug|Any CPU
		{79DF0D11-825A-4392-945F-3FA87BCFFAFE}.Debug|Any CPU.Build.0 = Debug|Any CPU
		{79DF0D11-825A-4392-945F-3FA87BCFFAFE}.Release|Any CPU.ActiveCfg = Release|Any CPU
		{79DF0D11-825A-4392-945F-3FA87BCFFAFE}.Release|Any CPU.Build.0 = Release|Any CPU
	EndGlobalSection
	GlobalSection(SolutionProperties) = preSolution
		HideSolutionNode = FALSE
	EndGlobalSection
	GlobalSection(ExtensibilityGlobals) = postSolution
		SolutionGuid = {E96E09DC-1B1A-46B0-95BA-39F3B93F3374}
	EndGlobalSection
EndGlobal
