
Microsoft Visual Studio Solution File, Format Version 12.00
# Visual Studio Version 16
VisualStudioVersion = 16.0.29709.97
MinimumVisualStudioVersion = 10.0.40219.1
Project("{9A19103F-16F7-4668-BE54-9A1E7A4F7556}") = "IdentityServerCenter", "IdentityServerCenter\IdentityServerCenter.csproj", "{2F282177-3430-4DD4-B39F-4393CCC3B6D4}"
EndProject
Project("{FAE04EC0-301F-11D3-BF4B-00C04F79EFBC}") = "ClientCredentialApi", "ClientCredentialApi\ClientCredentialApi.csproj", "{53B98A7D-760C-4DD7-A1B5-8C7E7B293DBA}"
EndProject
Global
	GlobalSection(SolutionConfigurationPlatforms) = preSolution
		Debug|Any CPU = Debug|Any CPU
		Release|Any CPU = Release|Any CPU
	EndGlobalSection
	GlobalSection(ProjectConfigurationPlatforms) = postSolution
		{2F282177-3430-4DD4-B39F-4393CCC3B6D4}.Debug|Any CPU.ActiveCfg = Debug|Any CPU
		{2F282177-3430-4DD4-B39F-4393CCC3B6D4}.Debug|Any CPU.Build.0 = Debug|Any CPU
		{2F282177-3430-4DD4-B39F-4393CCC3B6D4}.Release|Any CPU.ActiveCfg = Release|Any CPU
		{2F282177-3430-4DD4-B39F-4393CCC3B6D4}.Release|Any CPU.Build.0 = Release|Any CPU
		{53B98A7D-760C-4DD7-A1B5-8C7E7B293DBA}.Debug|Any CPU.ActiveCfg = Debug|Any CPU
		{53B98A7D-760C-4DD7-A1B5-8C7E7B293DBA}.Debug|Any CPU.Build.0 = Debug|Any CPU
		{53B98A7D-760C-4DD7-A1B5-8C7E7B293DBA}.Release|Any CPU.ActiveCfg = Release|Any CPU
		{53B98A7D-760C-4DD7-A1B5-8C7E7B293DBA}.Release|Any CPU.Build.0 = Release|Any CPU
	EndGlobalSection
	GlobalSection(SolutionProperties) = preSolution
		HideSolutionNode = FALSE
	EndGlobalSection
	GlobalSection(ExtensibilityGlobals) = postSolution
		SolutionGuid = {E96E09DC-1B1A-46B0-95BA-39F3B93F3374}
	EndGlobalSection
EndGlobal
